// !$*UTF8*$!
{
	archiveVersion = 1;
	classes = {
	};
	objectVersion = 56;
	objects = {

/* Begin PBXBuildFile section */
		3113313E2C06F96400916FE7 /* UserInfoVc.swift in Sources */ = {isa = PBXBuildFile; fileRef = 3113313D2C06F96400916FE7 /* UserInfoVc.swift */; };
		311593432C22B9F9001EDF94 /* FavoritesCell.swift in Sources */ = {isa = PBXBuildFile; fileRef = 311593422C22B9F9001EDF94 /* FavoritesCell.swift */; };
		31253CC42C2D5DA600264F73 /* GFAlertViewController.swift in Sources */ = {isa = PBXBuildFile; fileRef = 31253CC32C2D5DA600264F73 /* GFAlertViewController.swift */; };
		312AACD42BEE2D6400246E79 /* AppDelegate.swift in Sources */ = {isa = PBXBuildFile; fileRef = 312AACD32BEE2D6400246E79 /* AppDelegate.swift */; };
		312AACD62BEE2D6400246E79 /* SceneDelegate.swift in Sources */ = {isa = PBXBuildFile; fileRef = 312AACD52BEE2D6400246E79 /* SceneDelegate.swift */; };
		312AACD82BEE2D6400246E79 /* ViewController.swift in Sources */ = {isa = PBXBuildFile; fileRef = 312AACD72BEE2D6400246E79 /* ViewController.swift */; };
		312AACDD2BEE2D6700246E79 /* Assets.xcassets in Resources */ = {isa = PBXBuildFile; fileRef = 312AACDC2BEE2D6700246E79 /* Assets.xcassets */; };
		312AACE02BEE2D6700246E79 /* Base in Resources */ = {isa = PBXBuildFile; fileRef = 312AACDF2BEE2D6700246E79 /* Base */; };
		312D93F82C16DAF00093D9EE /* Date+Ext.swift in Sources */ = {isa = PBXBuildFile; fileRef = 312D93F72C16DAF00093D9EE /* Date+Ext.swift */; };
		31333DC32C2BFAB000467A39 /* GFTabBarViewController.swift in Sources */ = {isa = PBXBuildFile; fileRef = 31333DC22C2BFAB000467A39 /* GFTabBarViewController.swift */; };
		313B5A9C2BF7585500F858AD /* FollowersListVC.swift in Sources */ = {isa = PBXBuildFile; fileRef = 313B5A9B2BF7585500F858AD /* FollowersListVC.swift */; };
		313B5A9E2BF7857200F858AD /* GFTitleLabel.swift in Sources */ = {isa = PBXBuildFile; fileRef = 313B5A9D2BF7857200F858AD /* GFTitleLabel.swift */; };
		313B5AA02BF789F700F858AD /* GFBodyLabel.swift in Sources */ = {isa = PBXBuildFile; fileRef = 313B5A9F2BF789F700F858AD /* GFBodyLabel.swift */; };
		313B5AA22BF78C0400F858AD /* GFAlertVC.swift in Sources */ = {isa = PBXBuildFile; fileRef = 313B5AA12BF78C0400F858AD /* GFAlertVC.swift */; };
		313B5AA42BF79CE200F858AD /* UIViewController+Ext.swift in Sources */ = {isa = PBXBuildFile; fileRef = 313B5AA32BF79CE200F858AD /* UIViewController+Ext.swift */; };
		313B5AAA2BF8BAAC00F858AD /* Follower.swift in Sources */ = {isa = PBXBuildFile; fileRef = 313B5AA92BF8BAAC00F858AD /* Follower.swift */; };
		313B5AAD2BF8CDBD00F858AD /* User.swift in Sources */ = {isa = PBXBuildFile; fileRef = 313B5AAC2BF8CDBD00F858AD /* User.swift */; };
		313B5AB02BF8DF6900F858AD /* NetworkManager.swift in Sources */ = {isa = PBXBuildFile; fileRef = 313B5AAF2BF8DF6900F858AD /* NetworkManager.swift */; };
		31474D492C09B31100A017EB /* GFUserHeaderVC.swift in Sources */ = {isa = PBXBuildFile; fileRef = 31474D482C09B31100A017EB /* GFUserHeaderVC.swift */; };
		31474D4B2C09B3BF00A017EB /* GFSecondaryTitleLabel.swift in Sources */ = {isa = PBXBuildFile; fileRef = 31474D4A2C09B3BF00A017EB /* GFSecondaryTitleLabel.swift */; };
		31504DDB2BFCCE9E00F87F78 /* FollowerCell.swift in Sources */ = {isa = PBXBuildFile; fileRef = 31504DDA2BFCCE9E00F87F78 /* FollowerCell.swift */; };
		31504DDD2BFCCFF800F87F78 /* GFImageView.swift in Sources */ = {isa = PBXBuildFile; fileRef = 31504DDC2BFCCFF800F87F78 /* GFImageView.swift */; };
		316B78E62BF13AC5002CC8B2 /* GFButton.swift in Sources */ = {isa = PBXBuildFile; fileRef = 316B78E52BF13AC5002CC8B2 /* GFButton.swift */; };
		319810E82C034945006E9279 /* GFEmptyFollowerView.swift in Sources */ = {isa = PBXBuildFile; fileRef = 319810E72C034945006E9279 /* GFEmptyFollowerView.swift */; };
		319C5F752C2014F50051995C /* PersistanceManager.swift in Sources */ = {isa = PBXBuildFile; fileRef = 319C5F742C2014F50051995C /* PersistanceManager.swift */; };
		319DCF9A2BEE5F4E00333B14 /* SearchVC.swift in Sources */ = {isa = PBXBuildFile; fileRef = 319DCF992BEE5F4E00333B14 /* SearchVC.swift */; };
		319DCF9C2BEE5F6500333B14 /* FavouritesListVc.swift in Sources */ = {isa = PBXBuildFile; fileRef = 319DCF9B2BEE5F6500333B14 /* FavouritesListVc.swift */; };
		31A232DC2C0DC8C800C04215 /* GFItemInfoView.swift in Sources */ = {isa = PBXBuildFile; fileRef = 31A232DB2C0DC8C800C04215 /* GFItemInfoView.swift */; };
		31B1AD9D2C28034300CCAA6B /* GHFollwersUITests.swift in Sources */ = {isa = PBXBuildFile; fileRef = 31B1AD9C2C28034300CCAA6B /* GHFollwersUITests.swift */; };
		31B1AD9F2C28034300CCAA6B /* GHFollwersUITestsLaunchTests.swift in Sources */ = {isa = PBXBuildFile; fileRef = 31B1AD9E2C28034300CCAA6B /* GHFollwersUITestsLaunchTests.swift */; };
		31B201882BFB2F5F00AF8021 /* ErrorMessages.swift in Sources */ = {isa = PBXBuildFile; fileRef = 31B201872BFB2F5F00AF8021 /* ErrorMessages.swift */; };
		31B400DA2C0C6A4E00074B2E /* Constants.swift in Sources */ = {isa = PBXBuildFile; fileRef = 31B400D92C0C6A4E00074B2E /* Constants.swift */; };
		31CEFCC82BF4E0270024CBFC /* GHTextField.swift in Sources */ = {isa = PBXBuildFile; fileRef = 31CEFCC72BF4E0270024CBFC /* GHTextField.swift */; };
		31D8D78C2C0F563B002D6390 /* GFItemInfoVC.swift in Sources */ = {isa = PBXBuildFile; fileRef = 31D8D78B2C0F563B002D6390 /* GFItemInfoVC.swift */; };
		31D8D78E2C0F5F76002D6390 /* GFRepoItemVc.swift in Sources */ = {isa = PBXBuildFile; fileRef = 31D8D78D2C0F5F76002D6390 /* GFRepoItemVc.swift */; };
		31D8D7912C0F637D002D6390 /* GFFollowerItem.swift in Sources */ = {isa = PBXBuildFile; fileRef = 31D8D7902C0F637D002D6390 /* GFFollowerItem.swift */; };
		31F8BD262BFF8DEE00939149 /* UIHelper.swift in Sources */ = {isa = PBXBuildFile; fileRef = 31F8BD252BFF8DEE00939149 /* UIHelper.swift */; };
/* End PBXBuildFile section */

/* Begin PBXContainerItemProxy section */
		31B1ADA02C28034300CCAA6B /* PBXContainerItemProxy */ = {
			isa = PBXContainerItemProxy;
			containerPortal = 312AACC82BEE2D6400246E79 /* Project object */;
			proxyType = 1;
			remoteGlobalIDString = 312AACCF2BEE2D6400246E79;
			remoteInfo = GHFollwers;
		};
/* End PBXContainerItemProxy section */

/* Begin PBXFileReference section */
		3113313D2C06F96400916FE7 /* UserInfoVc.swift */ = {isa = PBXFileReference; lastKnownFileType = sourcecode.swift; path = UserInfoVc.swift; sourceTree = "<group>"; };
		311593422C22B9F9001EDF94 /* FavoritesCell.swift */ = {isa = PBXFileReference; lastKnownFileType = sourcecode.swift; path = FavoritesCell.swift; sourceTree = "<group>"; };
		31253CC32C2D5DA600264F73 /* GFAlertViewController.swift */ = {isa = PBXFileReference; lastKnownFileType = sourcecode.swift; path = GFAlertViewController.swift; sourceTree = "<group>"; };
		312AACD02BEE2D6400246E79 /* GHFollwers.app */ = {isa = PBXFileReference; explicitFileType = wrapper.application; includeInIndex = 0; path = GHFollwers.app; sourceTree = BUILT_PRODUCTS_DIR; };
		312AACD32BEE2D6400246E79 /* AppDelegate.swift */ = {isa = PBXFileReference; lastKnownFileType = sourcecode.swift; path = AppDelegate.swift; sourceTree = "<group>"; };
		312AACD52BEE2D6400246E79 /* SceneDelegate.swift */ = {isa = PBXFileReference; lastKnownFileType = sourcecode.swift; path = SceneDelegate.swift; sourceTree = "<group>"; };
		312AACD72BEE2D6400246E79 /* ViewController.swift */ = {isa = PBXFileReference; lastKnownFileType = sourcecode.swift; path = ViewController.swift; sourceTree = "<group>"; };
		312AACDC2BEE2D6700246E79 /* Assets.xcassets */ = {isa = PBXFileReference; lastKnownFileType = folder.assetcatalog; path = Assets.xcassets; sourceTree = "<group>"; };
		312AACDF2BEE2D6700246E79 /* Base */ = {isa = PBXFileReference; lastKnownFileType = file.storyboard; name = Base; path = Base.lproj/LaunchScreen.storyboard; sourceTree = "<group>"; };
		312AACE12BEE2D6700246E79 /* Info.plist */ = {isa = PBXFileReference; lastKnownFileType = text.plist.xml; path = Info.plist; sourceTree = "<group>"; };
		312D93F72C16DAF00093D9EE /* Date+Ext.swift */ = {isa = PBXFileReference; lastKnownFileType = sourcecode.swift; path = "Date+Ext.swift"; sourceTree = "<group>"; };
		31333DC22C2BFAB000467A39 /* GFTabBarViewController.swift */ = {isa = PBXFileReference; lastKnownFileType = sourcecode.swift; path = GFTabBarViewController.swift; sourceTree = "<group>"; };
		313B5A9B2BF7585500F858AD /* FollowersListVC.swift */ = {isa = PBXFileReference; lastKnownFileType = sourcecode.swift; path = FollowersListVC.swift; sourceTree = "<group>"; };
		313B5A9D2BF7857200F858AD /* GFTitleLabel.swift */ = {isa = PBXFileReference; lastKnownFileType = sourcecode.swift; path = GFTitleLabel.swift; sourceTree = "<group>"; };
		313B5A9F2BF789F700F858AD /* GFBodyLabel.swift */ = {isa = PBXFileReference; lastKnownFileType = sourcecode.swift; path = GFBodyLabel.swift; sourceTree = "<group>"; };
		313B5AA12BF78C0400F858AD /* GFAlertVC.swift */ = {isa = PBXFileReference; lastKnownFileType = sourcecode.swift; path = GFAlertVC.swift; sourceTree = "<group>"; };
		313B5AA32BF79CE200F858AD /* UIViewController+Ext.swift */ = {isa = PBXFileReference; lastKnownFileType = sourcecode.swift; path = "UIViewController+Ext.swift"; sourceTree = "<group>"; };
		313B5AA92BF8BAAC00F858AD /* Follower.swift */ = {isa = PBXFileReference; lastKnownFileType = sourcecode.swift; path = Follower.swift; sourceTree = "<group>"; };
		313B5AAC2BF8CDBD00F858AD /* User.swift */ = {isa = PBXFileReference; lastKnownFileType = sourcecode.swift; path = User.swift; sourceTree = "<group>"; };
		313B5AAF2BF8DF6900F858AD /* NetworkManager.swift */ = {isa = PBXFileReference; lastKnownFileType = sourcecode.swift; path = NetworkManager.swift; sourceTree = "<group>"; };
		31474D482C09B31100A017EB /* GFUserHeaderVC.swift */ = {isa = PBXFileReference; lastKnownFileType = sourcecode.swift; path = GFUserHeaderVC.swift; sourceTree = "<group>"; };
		31474D4A2C09B3BF00A017EB /* GFSecondaryTitleLabel.swift */ = {isa = PBXFileReference; lastKnownFileType = sourcecode.swift; path = GFSecondaryTitleLabel.swift; sourceTree = "<group>"; };
		31504DDA2BFCCE9E00F87F78 /* FollowerCell.swift */ = {isa = PBXFileReference; lastKnownFileType = sourcecode.swift; path = FollowerCell.swift; sourceTree = "<group>"; };
		31504DDC2BFCCFF800F87F78 /* GFImageView.swift */ = {isa = PBXFileReference; lastKnownFileType = sourcecode.swift; path = GFImageView.swift; sourceTree = "<group>"; };
		316B78E52BF13AC5002CC8B2 /* GFButton.swift */ = {isa = PBXFileReference; lastKnownFileType = sourcecode.swift; path = GFButton.swift; sourceTree = "<group>"; };
		319810E72C034945006E9279 /* GFEmptyFollowerView.swift */ = {isa = PBXFileReference; lastKnownFileType = sourcecode.swift; path = GFEmptyFollowerView.swift; sourceTree = "<group>"; };
		319C5F742C2014F50051995C /* PersistanceManager.swift */ = {isa = PBXFileReference; lastKnownFileType = sourcecode.swift; path = PersistanceManager.swift; sourceTree = "<group>"; };
		319DCF992BEE5F4E00333B14 /* SearchVC.swift */ = {isa = PBXFileReference; lastKnownFileType = sourcecode.swift; path = SearchVC.swift; sourceTree = "<group>"; };
		319DCF9B2BEE5F6500333B14 /* FavouritesListVc.swift */ = {isa = PBXFileReference; lastKnownFileType = sourcecode.swift; path = FavouritesListVc.swift; sourceTree = "<group>"; };
		31A232DB2C0DC8C800C04215 /* GFItemInfoView.swift */ = {isa = PBXFileReference; lastKnownFileType = sourcecode.swift; path = GFItemInfoView.swift; sourceTree = "<group>"; };
		31B1AD9A2C28034300CCAA6B /* GHFollwersUITests.xctest */ = {isa = PBXFileReference; explicitFileType = wrapper.cfbundle; includeInIndex = 0; path = GHFollwersUITests.xctest; sourceTree = BUILT_PRODUCTS_DIR; };
		31B1AD9C2C28034300CCAA6B /* GHFollwersUITests.swift */ = {isa = PBXFileReference; lastKnownFileType = sourcecode.swift; path = GHFollwersUITests.swift; sourceTree = "<group>"; };
		31B1AD9E2C28034300CCAA6B /* GHFollwersUITestsLaunchTests.swift */ = {isa = PBXFileReference; lastKnownFileType = sourcecode.swift; path = GHFollwersUITestsLaunchTests.swift; sourceTree = "<group>"; };
		31B201872BFB2F5F00AF8021 /* ErrorMessages.swift */ = {isa = PBXFileReference; lastKnownFileType = sourcecode.swift; path = ErrorMessages.swift; sourceTree = "<group>"; };
		31B400D92C0C6A4E00074B2E /* Constants.swift */ = {isa = PBXFileReference; lastKnownFileType = sourcecode.swift; path = Constants.swift; sourceTree = "<group>"; };
		31CEFCC72BF4E0270024CBFC /* GHTextField.swift */ = {isa = PBXFileReference; lastKnownFileType = sourcecode.swift; path = GHTextField.swift; sourceTree = "<group>"; };
		31D8D78B2C0F563B002D6390 /* GFItemInfoVC.swift */ = {isa = PBXFileReference; lastKnownFileType = sourcecode.swift; path = GFItemInfoVC.swift; sourceTree = "<group>"; };
		31D8D78D2C0F5F76002D6390 /* GFRepoItemVc.swift */ = {isa = PBXFileReference; lastKnownFileType = sourcecode.swift; path = GFRepoItemVc.swift; sourceTree = "<group>"; };
		31D8D7902C0F637D002D6390 /* GFFollowerItem.swift */ = {isa = PBXFileReference; lastKnownFileType = sourcecode.swift; path = GFFollowerItem.swift; sourceTree = "<group>"; };
		31F8BD252BFF8DEE00939149 /* UIHelper.swift */ = {isa = PBXFileReference; lastKnownFileType = sourcecode.swift; path = UIHelper.swift; sourceTree = "<group>"; };
/* End PBXFileReference section */

/* Begin PBXFrameworksBuildPhase section */
		312AACCD2BEE2D6400246E79 /* Frameworks */ = {
			isa = PBXFrameworksBuildPhase;
			buildActionMask = 2147483647;
			files = (
			);
			runOnlyForDeploymentPostprocessing = 0;
		};
		31B1AD972C28034300CCAA6B /* Frameworks */ = {
			isa = PBXFrameworksBuildPhase;
			buildActionMask = 2147483647;
			files = (
			);
			runOnlyForDeploymentPostprocessing = 0;
		};
/* End PBXFrameworksBuildPhase section */

/* Begin PBXGroup section */
		312AACC72BEE2D6400246E79 = {
			isa = PBXGroup;
			children = (
				312AACD22BEE2D6400246E79 /* GHFollwers */,
				31B1AD9B2C28034300CCAA6B /* GHFollwersUITests */,
				312AACD12BEE2D6400246E79 /* Products */,
			);
			sourceTree = "<group>";
		};
		312AACD12BEE2D6400246E79 /* Products */ = {
			isa = PBXGroup;
			children = (
				312AACD02BEE2D6400246E79 /* GHFollwers.app */,
				31B1AD9A2C28034300CCAA6B /* GHFollwersUITests.xctest */,
			);
			name = Products;
			sourceTree = "<group>";
		};
		312AACD22BEE2D6400246E79 /* GHFollwers */ = {
			isa = PBXGroup;
			children = (
				31B201862BFB2F3F00AF8021 /* Utilities */,
				313B5AAE2BF8DF4B00F858AD /* Manager */,
				313B5AAB2BF8BAB100F858AD /* Model */,
				313B5AA82BF8B08600F858AD /* Extensions */,
				313B5AA72BF8B06100F858AD /* Support */,
				313B5AA62BF8B04700F858AD /* CustomViews */,
				313B5AA52BF8B01D00F858AD /* Screens */,
				312AACE12BEE2D6700246E79 /* Info.plist */,
			);
			path = GHFollwers;
			sourceTree = "<group>";
		};
		31333DC12C2BFA7B00467A39 /* TabBarControllers */ = {
			isa = PBXGroup;
			children = (
				31333DC22C2BFAB000467A39 /* GFTabBarViewController.swift */,
			);
			path = TabBarControllers;
			sourceTree = "<group>";
		};
		313B5AA52BF8B01D00F858AD /* Screens */ = {
			isa = PBXGroup;
			children = (
				319DCF992BEE5F4E00333B14 /* SearchVC.swift */,
				319DCF9B2BEE5F6500333B14 /* FavouritesListVc.swift */,
				313B5A9B2BF7585500F858AD /* FollowersListVC.swift */,
				3113313D2C06F96400916FE7 /* UserInfoVc.swift */,
			);
			path = Screens;
			sourceTree = "<group>";
		};
		313B5AA62BF8B04700F858AD /* CustomViews */ = {
			isa = PBXGroup;
			children = (
				319810E62C034844006E9279 /* ViewControllers */,
				319810E52C034801006E9279 /* Labels */,
				319810E42C0347F2006E9279 /* Views */,
				319810E32C0347E7006E9279 /* TextFields */,
				319810E22C0347DD006E9279 /* Buttons */,
				31504DD92BFCCE7000F87F78 /* FollowerCell */,
			);
			path = CustomViews;
			sourceTree = "<group>";
		};
		313B5AA72BF8B06100F858AD /* Support */ = {
			isa = PBXGroup;
			children = (
				312AACD32BEE2D6400246E79 /* AppDelegate.swift */,
				312AACD52BEE2D6400246E79 /* SceneDelegate.swift */,
				312AACD72BEE2D6400246E79 /* ViewController.swift */,
				312AACDC2BEE2D6700246E79 /* Assets.xcassets */,
				312AACDE2BEE2D6700246E79 /* LaunchScreen.storyboard */,
			);
			path = Support;
			sourceTree = "<group>";
		};
		313B5AA82BF8B08600F858AD /* Extensions */ = {
			isa = PBXGroup;
			children = (
				313B5AA32BF79CE200F858AD /* UIViewController+Ext.swift */,
				312D93F72C16DAF00093D9EE /* Date+Ext.swift */,
			);
			path = Extensions;
			sourceTree = "<group>";
		};
		313B5AAB2BF8BAB100F858AD /* Model */ = {
			isa = PBXGroup;
			children = (
				313B5AA92BF8BAAC00F858AD /* Follower.swift */,
				313B5AAC2BF8CDBD00F858AD /* User.swift */,
			);
			path = Model;
			sourceTree = "<group>";
		};
		313B5AAE2BF8DF4B00F858AD /* Manager */ = {
			isa = PBXGroup;
			children = (
				313B5AAF2BF8DF6900F858AD /* NetworkManager.swift */,
				319C5F742C2014F50051995C /* PersistanceManager.swift */,
			);
			path = Manager;
			sourceTree = "<group>";
		};
		31504DD92BFCCE7000F87F78 /* FollowerCell */ = {
			isa = PBXGroup;
			children = (
				31504DDA2BFCCE9E00F87F78 /* FollowerCell.swift */,
				311593422C22B9F9001EDF94 /* FavoritesCell.swift */,
			);
			path = FollowerCell;
			sourceTree = "<group>";
		};
		319810E22C0347DD006E9279 /* Buttons */ = {
			isa = PBXGroup;
			children = (
				316B78E52BF13AC5002CC8B2 /* GFButton.swift */,
			);
			path = Buttons;
			sourceTree = "<group>";
		};
		319810E32C0347E7006E9279 /* TextFields */ = {
			isa = PBXGroup;
			children = (
				31CEFCC72BF4E0270024CBFC /* GHTextField.swift */,
			);
			path = TextFields;
			sourceTree = "<group>";
		};
		319810E42C0347F2006E9279 /* Views */ = {
			isa = PBXGroup;
			children = (
				31504DDC2BFCCFF800F87F78 /* GFImageView.swift */,
				319810E72C034945006E9279 /* GFEmptyFollowerView.swift */,
				31A232DB2C0DC8C800C04215 /* GFItemInfoView.swift */,
				31253CC32C2D5DA600264F73 /* GFAlertViewController.swift */,
			);
			path = Views;
			sourceTree = "<group>";
		};
		319810E52C034801006E9279 /* Labels */ = {
			isa = PBXGroup;
			children = (
				313B5A9D2BF7857200F858AD /* GFTitleLabel.swift */,
				313B5A9F2BF789F700F858AD /* GFBodyLabel.swift */,
				31474D4A2C09B3BF00A017EB /* GFSecondaryTitleLabel.swift */,
			);
			path = Labels;
			sourceTree = "<group>";
		};
		319810E62C034844006E9279 /* ViewControllers */ = {
			isa = PBXGroup;
			children = (
				31333DC12C2BFA7B00467A39 /* TabBarControllers */,
				31D8D78F2C0F6357002D6390 /* GFItems */,
				313B5AA12BF78C0400F858AD /* GFAlertVC.swift */,
				31474D482C09B31100A017EB /* GFUserHeaderVC.swift */,
			);
			path = ViewControllers;
			sourceTree = "<group>";
		};
		31B1AD9B2C28034300CCAA6B /* GHFollwersUITests */ = {
			isa = PBXGroup;
			children = (
				31B1AD9C2C28034300CCAA6B /* GHFollwersUITests.swift */,
				31B1AD9E2C28034300CCAA6B /* GHFollwersUITestsLaunchTests.swift */,
			);
			path = GHFollwersUITests;
			sourceTree = "<group>";
		};
		31B201862BFB2F3F00AF8021 /* Utilities */ = {
			isa = PBXGroup;
			children = (
				31B201872BFB2F5F00AF8021 /* ErrorMessages.swift */,
				31F8BD252BFF8DEE00939149 /* UIHelper.swift */,
				31B400D92C0C6A4E00074B2E /* Constants.swift */,
			);
			path = Utilities;
			sourceTree = "<group>";
		};
		31D8D78F2C0F6357002D6390 /* GFItems */ = {
			isa = PBXGroup;
			children = (
				31D8D78B2C0F563B002D6390 /* GFItemInfoVC.swift */,
				31D8D78D2C0F5F76002D6390 /* GFRepoItemVc.swift */,
				31D8D7902C0F637D002D6390 /* GFFollowerItem.swift */,
			);
			path = GFItems;
			sourceTree = "<group>";
		};
/* End PBXGroup section */

/* Begin PBXNativeTarget section */
		312AACCF2BEE2D6400246E79 /* GHFollwers */ = {
			isa = PBXNativeTarget;
			buildConfigurationList = 312AACE42BEE2D6700246E79 /* Build configuration list for PBXNativeTarget "GHFollwers" */;
			buildPhases = (
				312AACCC2BEE2D6400246E79 /* Sources */,
				312AACCD2BEE2D6400246E79 /* Frameworks */,
				312AACCE2BEE2D6400246E79 /* Resources */,
			);
			buildRules = (
			);
			dependencies = (
			);
			name = GHFollwers;
			productName = GHFollwers;
			productReference = 312AACD02BEE2D6400246E79 /* GHFollwers.app */;
			productType = "com.apple.product-type.application";
		};
		31B1AD992C28034300CCAA6B /* GHFollwersUITests */ = {
			isa = PBXNativeTarget;
			buildConfigurationList = 31B1ADA22C28034300CCAA6B /* Build configuration list for PBXNativeTarget "GHFollwersUITests" */;
			buildPhases = (
				31B1AD962C28034300CCAA6B /* Sources */,
				31B1AD972C28034300CCAA6B /* Frameworks */,
				31B1AD982C28034300CCAA6B /* Resources */,
			);
			buildRules = (
			);
			dependencies = (
				31B1ADA12C28034300CCAA6B /* PBXTargetDependency */,
			);
			name = GHFollwersUITests;
			productName = GHFollwersUITests;
			productReference = 31B1AD9A2C28034300CCAA6B /* GHFollwersUITests.xctest */;
			productType = "com.apple.product-type.bundle.ui-testing";
		};
/* End PBXNativeTarget section */

/* Begin PBXProject section */
		312AACC82BEE2D6400246E79 /* Project object */ = {
			isa = PBXProject;
			attributes = {
				BuildIndependentTargetsInParallel = 1;
				LastSwiftUpdateCheck = 1540;
				LastUpgradeCheck = 1530;
				TargetAttributes = {
					312AACCF2BEE2D6400246E79 = {
						CreatedOnToolsVersion = 15.3;
					};
					31B1AD992C28034300CCAA6B = {
						CreatedOnToolsVersion = 15.4;
						TestTargetID = 312AACCF2BEE2D6400246E79;
					};
				};
			};
			buildConfigurationList = 312AACCB2BEE2D6400246E79 /* Build configuration list for PBXProject "GHFollwers" */;
			compatibilityVersion = "Xcode 14.0";
			developmentRegion = en;
			hasScannedForEncodings = 0;
			knownRegions = (
				en,
				Base,
			);
			mainGroup = 312AACC72BEE2D6400246E79;
			productRefGroup = 312AACD12BEE2D6400246E79 /* Products */;
			projectDirPath = "";
			projectRoot = "";
			targets = (
				312AACCF2BEE2D6400246E79 /* GHFollwers */,
				31B1AD992C28034300CCAA6B /* GHFollwersUITests */,
			);
		};
/* End PBXProject section */

/* Begin PBXResourcesBuildPhase section */
		312AACCE2BEE2D6400246E79 /* Resources */ = {
			isa = PBXResourcesBuildPhase;
			buildActionMask = 2147483647;
			files = (
				312AACDD2BEE2D6700246E79 /* Assets.xcassets in Resources */,
				312AACE02BEE2D6700246E79 /* Base in Resources */,
			);
			runOnlyForDeploymentPostprocessing = 0;
		};
		31B1AD982C28034300CCAA6B /* Resources */ = {
			isa = PBXResourcesBuildPhase;
			buildActionMask = 2147483647;
			files = (
			);
			runOnlyForDeploymentPostprocessing = 0;
		};
/* End PBXResourcesBuildPhase section */

/* Begin PBXSourcesBuildPhase section */
		312AACCC2BEE2D6400246E79 /* Sources */ = {
			isa = PBXSourcesBuildPhase;
			buildActionMask = 2147483647;
			files = (
				31B201882BFB2F5F00AF8021 /* ErrorMessages.swift in Sources */,
				311593432C22B9F9001EDF94 /* FavoritesCell.swift in Sources */,
				319DCF9A2BEE5F4E00333B14 /* SearchVC.swift in Sources */,
				31CEFCC82BF4E0270024CBFC /* GHTextField.swift in Sources */,
				313B5AA42BF79CE200F858AD /* UIViewController+Ext.swift in Sources */,
				313B5AA22BF78C0400F858AD /* GFAlertVC.swift in Sources */,
				31504DDD2BFCCFF800F87F78 /* GFImageView.swift in Sources */,
				3113313E2C06F96400916FE7 /* UserInfoVc.swift in Sources */,
				31474D4B2C09B3BF00A017EB /* GFSecondaryTitleLabel.swift in Sources */,
				313B5A9C2BF7585500F858AD /* FollowersListVC.swift in Sources */,
				312AACD82BEE2D6400246E79 /* ViewController.swift in Sources */,
				31504DDB2BFCCE9E00F87F78 /* FollowerCell.swift in Sources */,
				31333DC32C2BFAB000467A39 /* GFTabBarViewController.swift in Sources */,
				319810E82C034945006E9279 /* GFEmptyFollowerView.swift in Sources */,
				313B5AAD2BF8CDBD00F858AD /* User.swift in Sources */,
				316B78E62BF13AC5002CC8B2 /* GFButton.swift in Sources */,
				313B5AAA2BF8BAAC00F858AD /* Follower.swift in Sources */,
				319DCF9C2BEE5F6500333B14 /* FavouritesListVc.swift in Sources */,
				31D8D78E2C0F5F76002D6390 /* GFRepoItemVc.swift in Sources */,
				31474D492C09B31100A017EB /* GFUserHeaderVC.swift in Sources */,
				319C5F752C2014F50051995C /* PersistanceManager.swift in Sources */,
				313B5A9E2BF7857200F858AD /* GFTitleLabel.swift in Sources */,
				31D8D78C2C0F563B002D6390 /* GFItemInfoVC.swift in Sources */,
				31253CC42C2D5DA600264F73 /* GFAlertViewController.swift in Sources */,
				312AACD42BEE2D6400246E79 /* AppDelegate.swift in Sources */,
				31F8BD262BFF8DEE00939149 /* UIHelper.swift in Sources */,
				313B5AB02BF8DF6900F858AD /* NetworkManager.swift in Sources */,
				312D93F82C16DAF00093D9EE /* Date+Ext.swift in Sources */,
				312AACD62BEE2D6400246E79 /* SceneDelegate.swift in Sources */,
				31A232DC2C0DC8C800C04215 /* GFItemInfoView.swift in Sources */,
				31D8D7912C0F637D002D6390 /* GFFollowerItem.swift in Sources */,
				313B5AA02BF789F700F858AD /* GFBodyLabel.swift in Sources */,
				31B400DA2C0C6A4E00074B2E /* Constants.swift in Sources */,
			);
			runOnlyForDeploymentPostprocessing = 0;
		};
		31B1AD962C28034300CCAA6B /* Sources */ = {
			isa = PBXSourcesBuildPhase;
			buildActionMask = 2147483647;
			files = (
				31B1AD9D2C28034300CCAA6B /* GHFollwersUITests.swift in Sources */,
				31B1AD9F2C28034300CCAA6B /* GHFollwersUITestsLaunchTests.swift in Sources */,
			);
			runOnlyForDeploymentPostprocessing = 0;
		};
/* End PBXSourcesBuildPhase section */

/* Begin PBXTargetDependency section */
		31B1ADA12C28034300CCAA6B /* PBXTargetDependency */ = {
			isa = PBXTargetDependency;
			target = 312AACCF2BEE2D6400246E79 /* GHFollwers */;
			targetProxy = 31B1ADA02C28034300CCAA6B /* PBXContainerItemProxy */;
		};
/* End PBXTargetDependency section */

/* Begin PBXVariantGroup section */
		312AACDE2BEE2D6700246E79 /* LaunchScreen.storyboard */ = {
			isa = PBXVariantGroup;
			children = (
				312AACDF2BEE2D6700246E79 /* Base */,
			);
			name = LaunchScreen.storyboard;
			sourceTree = "<group>";
		};
/* End PBXVariantGroup section */

/* Begin XCBuildConfiguration section */
		312AACE22BEE2D6700246E79 /* Debug */ = {
			isa = XCBuildConfiguration;
			buildSettings = {
				ALWAYS_SEARCH_USER_PATHS = NO;
				ASSETCATALOG_COMPILER_GENERATE_SWIFT_ASSET_SYMBOL_EXTENSIONS = YES;
				CLANG_ANALYZER_NONNULL = YES;
				CLANG_ANALYZER_NUMBER_OBJECT_CONVERSION = YES_AGGRESSIVE;
				CLANG_CXX_LANGUAGE_STANDARD = "gnu++20";
				CLANG_ENABLE_MODULES = YES;
				CLANG_ENABLE_OBJC_ARC = YES;
				CLANG_ENABLE_OBJC_WEAK = YES;
				CLANG_WARN_BLOCK_CAPTURE_AUTORELEASING = YES;
				CLANG_WARN_BOOL_CONVERSION = YES;
				CLANG_WARN_COMMA = YES;
				CLANG_WARN_CONSTANT_CONVERSION = YES;
				CLANG_WARN_DEPRECATED_OBJC_IMPLEMENTATIONS = YES;
				CLANG_WARN_DIRECT_OBJC_ISA_USAGE = YES_ERROR;
				CLANG_WARN_DOCUMENTATION_COMMENTS = YES;
				CLANG_WARN_EMPTY_BODY = YES;
				CLANG_WARN_ENUM_CONVERSION = YES;
				CLANG_WARN_INFINITE_RECURSION = YES;
				CLANG_WARN_INT_CONVERSION = YES;
				CLANG_WARN_NON_LITERAL_NULL_CONVERSION = YES;
				CLANG_WARN_OBJC_IMPLICIT_RETAIN_SELF = YES;
				CLANG_WARN_OBJC_LITERAL_CONVERSION = YES;
				CLANG_WARN_OBJC_ROOT_CLASS = YES_ERROR;
				CLANG_WARN_QUOTED_INCLUDE_IN_FRAMEWORK_HEADER = YES;
				CLANG_WARN_RANGE_LOOP_ANALYSIS = YES;
				CLANG_WARN_STRICT_PROTOTYPES = YES;
				CLANG_WARN_SUSPICIOUS_MOVE = YES;
				CLANG_WARN_UNGUARDED_AVAILABILITY = YES_AGGRESSIVE;
				CLANG_WARN_UNREACHABLE_CODE = YES;
				CLANG_WARN__DUPLICATE_METHOD_MATCH = YES;
				COPY_PHASE_STRIP = NO;
				DEBUG_INFORMATION_FORMAT = dwarf;
				ENABLE_STRICT_OBJC_MSGSEND = YES;
				ENABLE_TESTABILITY = YES;
				ENABLE_USER_SCRIPT_SANDBOXING = YES;
				GCC_C_LANGUAGE_STANDARD = gnu17;
				GCC_DYNAMIC_NO_PIC = NO;
				GCC_NO_COMMON_BLOCKS = YES;
				GCC_OPTIMIZATION_LEVEL = 0;
				GCC_PREPROCESSOR_DEFINITIONS = (
					"DEBUG=1",
					"$(inherited)",
				);
				GCC_WARN_64_TO_32_BIT_CONVERSION = YES;
				GCC_WARN_ABOUT_RETURN_TYPE = YES_ERROR;
				GCC_WARN_UNDECLARED_SELECTOR = YES;
				GCC_WARN_UNINITIALIZED_AUTOS = YES_AGGRESSIVE;
				GCC_WARN_UNUSED_FUNCTION = YES;
				GCC_WARN_UNUSED_VARIABLE = YES;
				IPHONEOS_DEPLOYMENT_TARGET = 17.5;
				LOCALIZATION_PREFERS_STRING_CATALOGS = YES;
				MTL_ENABLE_DEBUG_INFO = INCLUDE_SOURCE;
				MTL_FAST_MATH = YES;
				ONLY_ACTIVE_ARCH = YES;
				SDKROOT = iphoneos;
				SWIFT_ACTIVE_COMPILATION_CONDITIONS = "DEBUG $(inherited)";
				SWIFT_OPTIMIZATION_LEVEL = "-Onone";
			};
			name = Debug;
		};
		312AACE32BEE2D6700246E79 /* Release */ = {
			isa = XCBuildConfiguration;
			buildSettings = {
				ALWAYS_SEARCH_USER_PATHS = NO;
				ASSETCATALOG_COMPILER_GENERATE_SWIFT_ASSET_SYMBOL_EXTENSIONS = YES;
				CLANG_ANALYZER_NONNULL = YES;
				CLANG_ANALYZER_NUMBER_OBJECT_CONVERSION = YES_AGGRESSIVE;
				CLANG_CXX_LANGUAGE_STANDARD = "gnu++20";
				CLANG_ENABLE_MODULES = YES;
				CLANG_ENABLE_OBJC_ARC = YES;
				CLANG_ENABLE_OBJC_WEAK = YES;
				CLANG_WARN_BLOCK_CAPTURE_AUTORELEASING = YES;
				CLANG_WARN_BOOL_CONVERSION = YES;
				CLANG_WARN_COMMA = YES;
				CLANG_WARN_CONSTANT_CONVERSION = YES;
				CLANG_WARN_DEPRECATED_OBJC_IMPLEMENTATIONS = YES;
				CLANG_WARN_DIRECT_OBJC_ISA_USAGE = YES_ERROR;
				CLANG_WARN_DOCUMENTATION_COMMENTS = YES;
				CLANG_WARN_EMPTY_BODY = YES;
				CLANG_WARN_ENUM_CONVERSION = YES;
				CLANG_WARN_INFINITE_RECURSION = YES;
				CLANG_WARN_INT_CONVERSION = YES;
				CLANG_WARN_NON_LITERAL_NULL_CONVERSION = YES;
				CLANG_WARN_OBJC_IMPLICIT_RETAIN_SELF = YES;
				CLANG_WARN_OBJC_LITERAL_CONVERSION = YES;
				CLANG_WARN_OBJC_ROOT_CLASS = YES_ERROR;
				CLANG_WARN_QUOTED_INCLUDE_IN_FRAMEWORK_HEADER = YES;
				CLANG_WARN_RANGE_LOOP_ANALYSIS = YES;
				CLANG_WARN_STRICT_PROTOTYPES = YES;
				CLANG_WARN_SUSPICIOUS_MOVE = YES;
				CLANG_WARN_UNGUARDED_AVAILABILITY = YES_AGGRESSIVE;
				CLANG_WARN_UNREACHABLE_CODE = YES;
				CLANG_WARN__DUPLICATE_METHOD_MATCH = YES;
				COPY_PHASE_STRIP = NO;
				DEBUG_INFORMATION_FORMAT = "dwarf-with-dsym";
				ENABLE_NS_ASSERTIONS = NO;
				ENABLE_STRICT_OBJC_MSGSEND = YES;
				ENABLE_USER_SCRIPT_SANDBOXING = YES;
				GCC_C_LANGUAGE_STANDARD = gnu17;
				GCC_NO_COMMON_BLOCKS = YES;
				GCC_WARN_64_TO_32_BIT_CONVERSION = YES;
				GCC_WARN_ABOUT_RETURN_TYPE = YES_ERROR;
				GCC_WARN_UNDECLARED_SELECTOR = YES;
				GCC_WARN_UNINITIALIZED_AUTOS = YES_AGGRESSIVE;
				GCC_WARN_UNUSED_FUNCTION = YES;
				GCC_WARN_UNUSED_VARIABLE = YES;
				IPHONEOS_DEPLOYMENT_TARGET = 17.5;
				LOCALIZATION_PREFERS_STRING_CATALOGS = YES;
				MTL_ENABLE_DEBUG_INFO = NO;
				MTL_FAST_MATH = YES;
				SDKROOT = iphoneos;
				SWIFT_COMPILATION_MODE = wholemodule;
				VALIDATE_PRODUCT = YES;
			};
			name = Release;
		};
		312AACE52BEE2D6700246E79 /* Debug */ = {
			isa = XCBuildConfiguration;
			buildSettings = {
				ASSETCATALOG_COMPILER_APPICON_NAME = AppIcon;
				ASSETCATALOG_COMPILER_GLOBAL_ACCENT_COLOR_NAME = AccentColor;
				CODE_SIGN_STYLE = Automatic;
				CURRENT_PROJECT_VERSION = 1;
				DEVELOPMENT_TEAM = AKL52KQGPS;
				GENERATE_INFOPLIST_FILE = YES;
				INFOPLIST_FILE = GHFollwers/Info.plist;
				INFOPLIST_KEY_UIApplicationSupportsIndirectInputEvents = YES;
				INFOPLIST_KEY_UILaunchStoryboardName = LaunchScreen;
				INFOPLIST_KEY_UISupportedInterfaceOrientations = UIInterfaceOrientationPortrait;
				IPHONEOS_DEPLOYMENT_TARGET = 13.2;
				LD_RUNPATH_SEARCH_PATHS = (
					"$(inherited)",
					"@executable_path/Frameworks",
				);
				MARKETING_VERSION = 1.0;
				PRODUCT_BUNDLE_IDENTIFIER = LearnWithPurpose.GHFollwers;
				PRODUCT_NAME = "$(TARGET_NAME)";
				SWIFT_EMIT_LOC_STRINGS = YES;
				SWIFT_VERSION = 5.0;
				TARGETED_DEVICE_FAMILY = "1,2";
			};
			name = Debug;
		};
		312AACE62BEE2D6700246E79 /* Release */ = {
			isa = XCBuildConfiguration;
			buildSettings = {
				ASSETCATALOG_COMPILER_APPICON_NAME = AppIcon;
				ASSETCATALOG_COMPILER_GLOBAL_ACCENT_COLOR_NAME = AccentColor;
				CODE_SIGN_STYLE = Automatic;
				CURRENT_PROJECT_VERSION = 1;
				DEVELOPMENT_TEAM = AKL52KQGPS;
				GENERATE_INFOPLIST_FILE = YES;
				INFOPLIST_FILE = GHFollwers/Info.plist;
				INFOPLIST_KEY_UIApplicationSupportsIndirectInputEvents = YES;
				INFOPLIST_KEY_UILaunchStoryboardName = LaunchScreen;
				INFOPLIST_KEY_UISupportedInterfaceOrientations = UIInterfaceOrientationPortrait;
				IPHONEOS_DEPLOYMENT_TARGET = 13.2;
				LD_RUNPATH_SEARCH_PATHS = (
					"$(inherited)",
					"@executable_path/Frameworks",
				);
				MARKETING_VERSION = 1.0;
				PRODUCT_BUNDLE_IDENTIFIER = LearnWithPurpose.GHFollwers;
				PRODUCT_NAME = "$(TARGET_NAME)";
				SWIFT_EMIT_LOC_STRINGS = YES;
				SWIFT_VERSION = 5.0;
				TARGETED_DEVICE_FAMILY = "1,2";
			};
			name = Release;
		};
		31B1ADA32C28034300CCAA6B /* Debug */ = {
			isa = XCBuildConfiguration;
			buildSettings = {
				CODE_SIGN_STYLE = Automatic;
				CURRENT_PROJECT_VERSION = 1;
				DEVELOPMENT_TEAM = AKL52KQGPS;
				GENERATE_INFOPLIST_FILE = YES;
				IPHONEOS_DEPLOYMENT_TARGET = 17.4;
				MARKETING_VERSION = 1.0;
				PRODUCT_BUNDLE_IDENTIFIER = LearnWithPurpose.GHFollwersUITests;
				PRODUCT_NAME = "$(TARGET_NAME)";
				SWIFT_EMIT_LOC_STRINGS = NO;
				SWIFT_VERSION = 5.0;
				TARGETED_DEVICE_FAMILY = "1,2";
				TEST_TARGET_NAME = GHFollwers;
			};
			name = Debug;
		};
		31B1ADA42C28034300CCAA6B /* Release */ = {
			isa = XCBuildConfiguration;
			buildSettings = {
				CODE_SIGN_STYLE = Automatic;
				CURRENT_PROJECT_VERSION = 1;
				DEVELOPMENT_TEAM = AKL52KQGPS;
				GENERATE_INFOPLIST_FILE = YES;
				IPHONEOS_DEPLOYMENT_TARGET = 17.4;
				MARKETING_VERSION = 1.0;
				PRODUCT_BUNDLE_IDENTIFIER = LearnWithPurpose.GHFollwersUITests;
				PRODUCT_NAME = "$(TARGET_NAME)";
				SWIFT_EMIT_LOC_STRINGS = NO;
				SWIFT_VERSION = 5.0;
				TARGETED_DEVICE_FAMILY = "1,2";
				TEST_TARGET_NAME = GHFollwers;
			};
			name = Release;
		};
/* End XCBuildConfiguration section */

/* Begin XCConfigurationList section */
		312AACCB2BEE2D6400246E79 /* Build configuration list for PBXProject "GHFollwers" */ = {
			isa = XCConfigurationList;
			buildConfigurations = (
				312AACE22BEE2D6700246E79 /* Debug */,
				312AACE32BEE2D6700246E79 /* Release */,
			);
			defaultConfigurationIsVisible = 0;
			defaultConfigurationName = Release;
		};
		312AACE42BEE2D6700246E79 /* Build configuration list for PBXNativeTarget "GHFollwers" */ = {
			isa = XCConfigurationList;
			buildConfigurations = (
				312AACE52BEE2D6700246E79 /* Debug */,
				312AACE62BEE2D6700246E79 /* Release */,
			);
			defaultConfigurationIsVisible = 0;
			defaultConfigurationName = Release;
		};
		31B1ADA22C28034300CCAA6B /* Build configuration list for PBXNativeTarget "GHFollwersUITests" */ = {
			isa = XCConfigurationList;
			buildConfigurations = (
				31B1ADA32C28034300CCAA6B /* Debug */,
				31B1ADA42C28034300CCAA6B /* Release */,
			);
			defaultConfigurationIsVisible = 0;
			defaultConfigurationName = Release;
		};
/* End XCConfigurationList section */
	};
	rootObject = 312AACC82BEE2D6400246E79 /* Project object */;
}
